// !$*UTF8*$!
{
	archiveVersion = 1;
	classes = {
	};
	objectVersion = 56;
	objects = {

/* Begin PBXBuildFile section */
		091739902C18FD4300785F48 /* astronauts.json in Resources */ = {isa = PBXBuildFile; fileRef = 0917398F2C18FD4300785F48 /* astronauts.json */; };
		091739922C18FD4A00785F48 /* missions.json in Resources */ = {isa = PBXBuildFile; fileRef = 091739912C18FD4A00785F48 /* missions.json */; };
		091739942C18FDF600785F48 /* astronaut.swift in Sources */ = {isa = PBXBuildFile; fileRef = 091739932C18FDF600785F48 /* astronaut.swift */; };
		091739962C18FE4300785F48 /* jsonDecoder.swift in Sources */ = {isa = PBXBuildFile; fileRef = 091739952C18FE4300785F48 /* jsonDecoder.swift */; };
		091739982C19055F00785F48 /* Mission.swift in Sources */ = {isa = PBXBuildFile; fileRef = 091739972C19055F00785F48 /* Mission.swift */; };
		098A44152C121D990002F913 /* __moonshotApp.swift in Sources */ = {isa = PBXBuildFile; fileRef = 098A44142C121D990002F913 /* __moonshotApp.swift */; };
		098A44172C121D990002F913 /* ContentView.swift in Sources */ = {isa = PBXBuildFile; fileRef = 098A44162C121D990002F913 /* ContentView.swift */; };
		098A44192C121D9A0002F913 /* Assets.xcassets in Resources */ = {isa = PBXBuildFile; fileRef = 098A44182C121D9A0002F913 /* Assets.xcassets */; };
		098A441C2C121D9A0002F913 /* Preview Assets.xcassets in Resources */ = {isa = PBXBuildFile; fileRef = 098A441B2C121D9A0002F913 /* Preview Assets.xcassets */; };
		09BEF1F22C1B49E3006D17B6 /* Color-Theme.swift in Sources */ = {isa = PBXBuildFile; fileRef = 09BEF1F12C1B49E3006D17B6 /* Color-Theme.swift */; };
		09BEF1F42C1B4DD7006D17B6 /* MissionView.swift in Sources */ = {isa = PBXBuildFile; fileRef = 09BEF1F32C1B4DD7006D17B6 /* MissionView.swift */; };
		09BEF1F82C1CF5C5006D17B6 /* AstronautView.swift in Sources */ = {isa = PBXBuildFile; fileRef = 09BEF1F72C1CF5C5006D17B6 /* AstronautView.swift */; };
		09D38B412C20F3DE00135053 /* MissionsGridView.swift in Sources */ = {isa = PBXBuildFile; fileRef = 09D38B402C20F3DE00135053 /* MissionsGridView.swift */; };
/* End PBXBuildFile section */

/* Begin PBXFileReference section */
		0917398F2C18FD4300785F48 /* astronauts.json */ = {isa = PBXFileReference; fileEncoding = 4; lastKnownFileType = text.json; path = astronauts.json; sourceTree = "<group>"; };
		091739912C18FD4A00785F48 /* missions.json */ = {isa = PBXFileReference; fileEncoding = 4; lastKnownFileType = text.json; path = missions.json; sourceTree = "<group>"; };
		091739932C18FDF600785F48 /* astronaut.swift */ = {isa = PBXFileReference; lastKnownFileType = sourcecode.swift; path = astronaut.swift; sourceTree = "<group>"; };
		091739952C18FE4300785F48 /* jsonDecoder.swift */ = {isa = PBXFileReference; lastKnownFileType = sourcecode.swift; path = jsonDecoder.swift; sourceTree = "<group>"; };
		091739972C19055F00785F48 /* Mission.swift */ = {isa = PBXFileReference; lastKnownFileType = sourcecode.swift; path = Mission.swift; sourceTree = "<group>"; };
		098A44112C121D990002F913 /* 8 moonshot.app */ = {isa = PBXFileReference; explicitFileType = wrapper.application; includeInIndex = 0; path = "8 moonshot.app"; sourceTree = BUILT_PRODUCTS_DIR; };
		098A44142C121D990002F913 /* __moonshotApp.swift */ = {isa = PBXFileReference; lastKnownFileType = sourcecode.swift; path = __moonshotApp.swift; sourceTree = "<group>"; };
		098A44162C121D990002F913 /* ContentView.swift */ = {isa = PBXFileReference; lastKnownFileType = sourcecode.swift; path = ContentView.swift; sourceTree = "<group>"; };
		098A44182C121D9A0002F913 /* Assets.xcassets */ = {isa = PBXFileReference; lastKnownFileType = folder.assetcatalog; path = Assets.xcassets; sourceTree = "<group>"; };
		098A441B2C121D9A0002F913 /* Preview Assets.xcassets */ = {isa = PBXFileReference; lastKnownFileType = folder.assetcatalog; path = "Preview Assets.xcassets"; sourceTree = "<group>"; };
		09BEF1F12C1B49E3006D17B6 /* Color-Theme.swift */ = {isa = PBXFileReference; lastKnownFileType = sourcecode.swift; path = "Color-Theme.swift"; sourceTree = "<group>"; };
		09BEF1F32C1B4DD7006D17B6 /* MissionView.swift */ = {isa = PBXFileReference; lastKnownFileType = sourcecode.swift; path = MissionView.swift; sourceTree = "<group>"; };
		09BEF1F72C1CF5C5006D17B6 /* AstronautView.swift */ = {isa = PBXFileReference; lastKnownFileType = sourcecode.swift; path = AstronautView.swift; sourceTree = "<group>"; };
		09D38B402C20F3DE00135053 /* MissionsGridView.swift */ = {isa = PBXFileReference; lastKnownFileType = sourcecode.swift; path = MissionsGridView.swift; sourceTree = "<group>"; };
/* End PBXFileReference section */

/* Begin PBXFrameworksBuildPhase section */
		098A440E2C121D990002F913 /* Frameworks */ = {
			isa = PBXFrameworksBuildPhase;
			buildActionMask = 2147483647;
			files = (
			);
			runOnlyForDeploymentPostprocessing = 0;
		};
/* End PBXFrameworksBuildPhase section */

/* Begin PBXGroup section */
		098A44082C121D990002F913 = {
			isa = PBXGroup;
			children = (
				09D38B3A2C20AD5900135053 /* assets */,
				09D38B3D2C20AF4300135053 /* data */,
				09D38B3E2C20AF6D00135053 /* models */,
				09D38B3F2C20AF9A00135053 /* styles */,
				09D38B3C2C20AE8700135053 /* views */,
				098A44142C121D990002F913 /* __moonshotApp.swift */,
				091739952C18FE4300785F48 /* jsonDecoder.swift */,
				098A44122C121D990002F913 /* Products */,
			);
			sourceTree = "<group>";
		};
		098A44122C121D990002F913 /* Products */ = {
			isa = PBXGroup;
			children = (
				098A44112C121D990002F913 /* 8 moonshot.app */,
			);
			name = Products;
			sourceTree = "<group>";
		};
		09D38B3A2C20AD5900135053 /* assets */ = {
			isa = PBXGroup;
			children = (
				09D38B3B2C20AD9A00135053 /* preview content */,
				098A44182C121D9A0002F913 /* Assets.xcassets */,
			);
			path = assets;
			sourceTree = "<group>";
		};
		09D38B3B2C20AD9A00135053 /* preview content */ = {
			isa = PBXGroup;
			children = (
				098A441B2C121D9A0002F913 /* Preview Assets.xcassets */,
			);
			path = "preview content";
			sourceTree = "<group>";
		};
		09D38B3C2C20AE8700135053 /* views */ = {
			isa = PBXGroup;
			children = (
				09BEF1F72C1CF5C5006D17B6 /* AstronautView.swift */,
				098A44162C121D990002F913 /* ContentView.swift */,
				09BEF1F32C1B4DD7006D17B6 /* MissionView.swift */,
				09D38B402C20F3DE00135053 /* MissionsGridView.swift */,
			);
			path = views;
			sourceTree = "<group>";
		};
		09D38B3D2C20AF4300135053 /* data */ = {
			isa = PBXGroup;
			children = (
				0917398F2C18FD4300785F48 /* astronauts.json */,
				091739912C18FD4A00785F48 /* missions.json */,
			);
			path = data;
			sourceTree = "<group>";
		};
		09D38B3E2C20AF6D00135053 /* models */ = {
			isa = PBXGroup;
			children = (
				091739932C18FDF600785F48 /* astronaut.swift */,
				091739972C19055F00785F48 /* Mission.swift */,
			);
			path = models;
			sourceTree = "<group>";
		};
		09D38B3F2C20AF9A00135053 /* styles */ = {
			isa = PBXGroup;
			children = (
				09BEF1F12C1B49E3006D17B6 /* Color-Theme.swift */,
			);
			path = styles;
			sourceTree = "<group>";
		};
/* End PBXGroup section */

/* Begin PBXNativeTarget section */
		098A44102C121D990002F913 /* 8 moonshot */ = {
			isa = PBXNativeTarget;
			buildConfigurationList = 098A441F2C121D9A0002F913 /* Build configuration list for PBXNativeTarget "8 moonshot" */;
			buildPhases = (
				098A440D2C121D990002F913 /* Sources */,
				098A440E2C121D990002F913 /* Frameworks */,
				098A440F2C121D990002F913 /* Resources */,
			);
			buildRules = (
			);
			dependencies = (
			);
			name = "8 moonshot";
			productName = "8 moonshot";
			productReference = 098A44112C121D990002F913 /* 8 moonshot.app */;
			productType = "com.apple.product-type.application";
		};
/* End PBXNativeTarget section */

/* Begin PBXProject section */
		098A44092C121D990002F913 /* Project object */ = {
			isa = PBXProject;
			attributes = {
				BuildIndependentTargetsInParallel = 1;
				LastSwiftUpdateCheck = 1540;
				LastUpgradeCheck = 1540;
				TargetAttributes = {
					098A44102C121D990002F913 = {
						CreatedOnToolsVersion = 15.4;
					};
				};
			};
			buildConfigurationList = 098A440C2C121D990002F913 /* Build configuration list for PBXProject "8 moonshot" */;
			compatibilityVersion = "Xcode 14.0";
			developmentRegion = en;
			hasScannedForEncodings = 0;
			knownRegions = (
				en,
				Base,
			);
			mainGroup = 098A44082C121D990002F913;
			productRefGroup = 098A44122C121D990002F913 /* Products */;
			projectDirPath = "";
			projectRoot = "";
			targets = (
				098A44102C121D990002F913 /* 8 moonshot */,
			);
		};
/* End PBXProject section */

/* Begin PBXResourcesBuildPhase section */
		098A440F2C121D990002F913 /* Resources */ = {
			isa = PBXResourcesBuildPhase;
			buildActionMask = 2147483647;
			files = (
				091739902C18FD4300785F48 /* astronauts.json in Resources */,
				098A441C2C121D9A0002F913 /* Preview Assets.xcassets in Resources */,
				091739922C18FD4A00785F48 /* missions.json in Resources */,
				098A44192C121D9A0002F913 /* Assets.xcassets in Resources */,
			);
			runOnlyForDeploymentPostprocessing = 0;
		};
/* End PBXResourcesBuildPhase section */

/* Begin PBXSourcesBuildPhase section */
		098A440D2C121D990002F913 /* Sources */ = {
			isa = PBXSourcesBuildPhase;
			buildActionMask = 2147483647;
			files = (
				09BEF1F42C1B4DD7006D17B6 /* MissionView.swift in Sources */,
				091739942C18FDF600785F48 /* astronaut.swift in Sources */,
				09BEF1F82C1CF5C5006D17B6 /* AstronautView.swift in Sources */,
				09BEF1F22C1B49E3006D17B6 /* Color-Theme.swift in Sources */,
				098A44172C121D990002F913 /* ContentView.swift in Sources */,
				098A44152C121D990002F913 /* __moonshotApp.swift in Sources */,
				091739982C19055F00785F48 /* Mission.swift in Sources */,
				09D38B412C20F3DE00135053 /* MissionsGridView.swift in Sources */,
				091739962C18FE4300785F48 /* jsonDecoder.swift in Sources */,
			);
			runOnlyForDeploymentPostprocessing = 0;
		};
/* End PBXSourcesBuildPhase section */

/* Begin XCBuildConfiguration section */
		098A441D2C121D9A0002F913 /* Debug */ = {
			isa = XCBuildConfiguration;
			buildSettings = {
				ALWAYS_SEARCH_USER_PATHS = NO;
				ASSETCATALOG_COMPILER_GENERATE_SWIFT_ASSET_SYMBOL_EXTENSIONS = YES;
				CLANG_ANALYZER_NONNULL = YES;
				CLANG_ANALYZER_NUMBER_OBJECT_CONVERSION = YES_AGGRESSIVE;
				CLANG_CXX_LANGUAGE_STANDARD = "gnu++20";
				CLANG_ENABLE_MODULES = YES;
				CLANG_ENABLE_OBJC_ARC = YES;
				CLANG_ENABLE_OBJC_WEAK = YES;
				CLANG_WARN_BLOCK_CAPTURE_AUTORELEASING = YES;
				CLANG_WARN_BOOL_CONVERSION = YES;
				CLANG_WARN_COMMA = YES;
				CLANG_WARN_CONSTANT_CONVERSION = YES;
				CLANG_WARN_DEPRECATED_OBJC_IMPLEMENTATIONS = YES;
				CLANG_WARN_DIRECT_OBJC_ISA_USAGE = YES_ERROR;
				CLANG_WARN_DOCUMENTATION_COMMENTS = YES;
				CLANG_WARN_EMPTY_BODY = YES;
				CLANG_WARN_ENUM_CONVERSION = YES;
				CLANG_WARN_INFINITE_RECURSION = YES;
				CLANG_WARN_INT_CONVERSION = YES;
				CLANG_WARN_NON_LITERAL_NULL_CONVERSION = YES;
				CLANG_WARN_OBJC_IMPLICIT_RETAIN_SELF = YES;
				CLANG_WARN_OBJC_LITERAL_CONVERSION = YES;
				CLANG_WARN_OBJC_ROOT_CLASS = YES_ERROR;
				CLANG_WARN_QUOTED_INCLUDE_IN_FRAMEWORK_HEADER = YES;
				CLANG_WARN_RANGE_LOOP_ANALYSIS = YES;
				CLANG_WARN_STRICT_PROTOTYPES = YES;
				CLANG_WARN_SUSPICIOUS_MOVE = YES;
				CLANG_WARN_UNGUARDED_AVAILABILITY = YES_AGGRESSIVE;
				CLANG_WARN_UNREACHABLE_CODE = YES;
				CLANG_WARN__DUPLICATE_METHOD_MATCH = YES;
				COPY_PHASE_STRIP = NO;
				DEBUG_INFORMATION_FORMAT = dwarf;
				ENABLE_STRICT_OBJC_MSGSEND = YES;
				ENABLE_TESTABILITY = YES;
				ENABLE_USER_SCRIPT_SANDBOXING = YES;
				GCC_C_LANGUAGE_STANDARD = gnu17;
				GCC_DYNAMIC_NO_PIC = NO;
				GCC_NO_COMMON_BLOCKS = YES;
				GCC_OPTIMIZATION_LEVEL = 0;
				GCC_PREPROCESSOR_DEFINITIONS = (
					"DEBUG=1",
					"$(inherited)",
				);
				GCC_WARN_64_TO_32_BIT_CONVERSION = YES;
				GCC_WARN_ABOUT_RETURN_TYPE = YES_ERROR;
				GCC_WARN_UNDECLARED_SELECTOR = YES;
				GCC_WARN_UNINITIALIZED_AUTOS = YES_AGGRESSIVE;
				GCC_WARN_UNUSED_FUNCTION = YES;
				GCC_WARN_UNUSED_VARIABLE = YES;
				IPHONEOS_DEPLOYMENT_TARGET = 17.5;
				LOCALIZATION_PREFERS_STRING_CATALOGS = YES;
				MTL_ENABLE_DEBUG_INFO = INCLUDE_SOURCE;
				MTL_FAST_MATH = YES;
				ONLY_ACTIVE_ARCH = YES;
				SDKROOT = iphoneos;
				SWIFT_ACTIVE_COMPILATION_CONDITIONS = "DEBUG $(inherited)";
				SWIFT_OPTIMIZATION_LEVEL = "-Onone";
			};
			name = Debug;
		};
		098A441E2C121D9A0002F913 /* Release */ = {
			isa = XCBuildConfiguration;
			buildSettings = {
				ALWAYS_SEARCH_USER_PATHS = NO;
				ASSETCATALOG_COMPILER_GENERATE_SWIFT_ASSET_SYMBOL_EXTENSIONS = YES;
				CLANG_ANALYZER_NONNULL = YES;
				CLANG_ANALYZER_NUMBER_OBJECT_CONVERSION = YES_AGGRESSIVE;
				CLANG_CXX_LANGUAGE_STANDARD = "gnu++20";
				CLANG_ENABLE_MODULES = YES;
				CLANG_ENABLE_OBJC_ARC = YES;
				CLANG_ENABLE_OBJC_WEAK = YES;
				CLANG_WARN_BLOCK_CAPTURE_AUTORELEASING = YES;
				CLANG_WARN_BOOL_CONVERSION = YES;
				CLANG_WARN_COMMA = YES;
				CLANG_WARN_CONSTANT_CONVERSION = YES;
				CLANG_WARN_DEPRECATED_OBJC_IMPLEMENTATIONS = YES;
				CLANG_WARN_DIRECT_OBJC_ISA_USAGE = YES_ERROR;
				CLANG_WARN_DOCUMENTATION_COMMENTS = YES;
				CLANG_WARN_EMPTY_BODY = YES;
				CLANG_WARN_ENUM_CONVERSION = YES;
				CLANG_WARN_INFINITE_RECURSION = YES;
				CLANG_WARN_INT_CONVERSION = YES;
				CLANG_WARN_NON_LITERAL_NULL_CONVERSION = YES;
				CLANG_WARN_OBJC_IMPLICIT_RETAIN_SELF = YES;
				CLANG_WARN_OBJC_LITERAL_CONVERSION = YES;
				CLANG_WARN_OBJC_ROOT_CLASS = YES_ERROR;
				CLANG_WARN_QUOTED_INCLUDE_IN_FRAMEWORK_HEADER = YES;
				CLANG_WARN_RANGE_LOOP_ANALYSIS = YES;
				CLANG_WARN_STRICT_PROTOTYPES = YES;
				CLANG_WARN_SUSPICIOUS_MOVE = YES;
				CLANG_WARN_UNGUARDED_AVAILABILITY = YES_AGGRESSIVE;
				CLANG_WARN_UNREACHABLE_CODE = YES;
				CLANG_WARN__DUPLICATE_METHOD_MATCH = YES;
				COPY_PHASE_STRIP = NO;
				DEBUG_INFORMATION_FORMAT = "dwarf-with-dsym";
				ENABLE_NS_ASSERTIONS = NO;
				ENABLE_STRICT_OBJC_MSGSEND = YES;
				ENABLE_USER_SCRIPT_SANDBOXING = YES;
				GCC_C_LANGUAGE_STANDARD = gnu17;
				GCC_NO_COMMON_BLOCKS = YES;
				GCC_WARN_64_TO_32_BIT_CONVERSION = YES;
				GCC_WARN_ABOUT_RETURN_TYPE = YES_ERROR;
				GCC_WARN_UNDECLARED_SELECTOR = YES;
				GCC_WARN_UNINITIALIZED_AUTOS = YES_AGGRESSIVE;
				GCC_WARN_UNUSED_FUNCTION = YES;
				GCC_WARN_UNUSED_VARIABLE = YES;
				IPHONEOS_DEPLOYMENT_TARGET = 17.5;
				LOCALIZATION_PREFERS_STRING_CATALOGS = YES;
				MTL_ENABLE_DEBUG_INFO = NO;
				MTL_FAST_MATH = YES;
				SDKROOT = iphoneos;
				SWIFT_COMPILATION_MODE = wholemodule;
				VALIDATE_PRODUCT = YES;
			};
			name = Release;
		};
		098A44202C121D9A0002F913 /* Debug */ = {
			isa = XCBuildConfiguration;
			buildSettings = {
				ASSETCATALOG_COMPILER_APPICON_NAME = AppIcon;
				ASSETCATALOG_COMPILER_GLOBAL_ACCENT_COLOR_NAME = AccentColor;
				CODE_SIGN_STYLE = Automatic;
				CURRENT_PROJECT_VERSION = 1;
				DEVELOPMENT_ASSET_PATHS = "\"assets/Preview Content\"";
				ENABLE_PREVIEWS = YES;
				GENERATE_INFOPLIST_FILE = YES;
				INFOPLIST_KEY_UIApplicationSceneManifest_Generation = YES;
				INFOPLIST_KEY_UIApplicationSupportsIndirectInputEvents = YES;
				INFOPLIST_KEY_UILaunchScreen_Generation = YES;
				INFOPLIST_KEY_UISupportedInterfaceOrientations_iPad = "UIInterfaceOrientationPortrait UIInterfaceOrientationPortraitUpsideDown UIInterfaceOrientationLandscapeLeft UIInterfaceOrientationLandscapeRight";
				INFOPLIST_KEY_UISupportedInterfaceOrientations_iPhone = "UIInterfaceOrientationPortrait UIInterfaceOrientationLandscapeLeft UIInterfaceOrientationLandscapeRight";
				LD_RUNPATH_SEARCH_PATHS = (
					"$(inherited)",
					"@executable_path/Frameworks",
				);
				MARKETING_VERSION = 1.0;
				PRODUCT_BUNDLE_IDENTIFIER = "com.prepologetics.--moonshot";
				PRODUCT_NAME = "$(TARGET_NAME)";
				SWIFT_EMIT_LOC_STRINGS = YES;
				SWIFT_VERSION = 5.0;
				TARGETED_DEVICE_FAMILY = "1,2";
			};
			name = Debug;
		};
		098A44212C121D9A0002F913 /* Release */ = {
			isa = XCBuildConfiguration;
			buildSettings = {
				ASSETCATALOG_COMPILER_APPICON_NAME = AppIcon;
				ASSETCATALOG_COMPILER_GLOBAL_ACCENT_COLOR_NAME = AccentColor;
				CODE_SIGN_STYLE = Automatic;
				CURRENT_PROJECT_VERSION = 1;
				DEVELOPMENT_ASSET_PATHS = "\"assets/Preview Content\"";
				ENABLE_PREVIEWS = YES;
				GENERATE_INFOPLIST_FILE = YES;
				INFOPLIST_KEY_UIApplicationSceneManifest_Generation = YES;
				INFOPLIST_KEY_UIApplicationSupportsIndirectInputEvents = YES;
				INFOPLIST_KEY_UILaunchScreen_Generation = YES;
				INFOPLIST_KEY_UISupportedInterfaceOrientations_iPad = "UIInterfaceOrientationPortrait UIInterfaceOrientationPortraitUpsideDown UIInterfaceOrientationLandscapeLeft UIInterfaceOrientationLandscapeRight";
				INFOPLIST_KEY_UISupportedInterfaceOrientations_iPhone = "UIInterfaceOrientationPortrait UIInterfaceOrientationLandscapeLeft UIInterfaceOrientationLandscapeRight";
				LD_RUNPATH_SEARCH_PATHS = (
					"$(inherited)",
					"@executable_path/Frameworks",
				);
				MARKETING_VERSION = 1.0;
				PRODUCT_BUNDLE_IDENTIFIER = "com.prepologetics.--moonshot";
				PRODUCT_NAME = "$(TARGET_NAME)";
				SWIFT_EMIT_LOC_STRINGS = YES;
				SWIFT_VERSION = 5.0;
				TARGETED_DEVICE_FAMILY = "1,2";
			};
			name = Release;
		};
/* End XCBuildConfiguration section */

/* Begin XCConfigurationList section */
		098A440C2C121D990002F913 /* Build configuration list for PBXProject "8 moonshot" */ = {
			isa = XCConfigurationList;
			buildConfigurations = (
				098A441D2C121D9A0002F913 /* Debug */,
				098A441E2C121D9A0002F913 /* Release */,
			);
			defaultConfigurationIsVisible = 0;
			defaultConfigurationName = Release;
		};
		098A441F2C121D9A0002F913 /* Build configuration list for PBXNativeTarget "8 moonshot" */ = {
			isa = XCConfigurationList;
			buildConfigurations = (
				098A44202C121D9A0002F913 /* Debug */,
				098A44212C121D9A0002F913 /* Release */,
			);
			defaultConfigurationIsVisible = 0;
			defaultConfigurationName = Release;
		};
/* End XCConfigurationList section */
	};
	rootObject = 098A44092C121D990002F913 /* Project object */;
}
